
Microsoft Visual Studio Solution File, Format Version 12.00
# Visual Studio Version 16
VisualStudioVersion = 16.0.31019.35
MinimumVisualStudioVersion = 10.0.40219.1
Project("{FAE04EC0-301F-11D3-BF4B-00C04F79EFBC}") = "LR6_OOP", "LR6_OOP\LR6_OOP.csproj", "{A8AA90E2-3F3A-40E5-8632-EF5EA24437DB}"
EndProject
Global
	GlobalSection(SolutionConfigurationPlatforms) = preSolution
		Debug|Any CPU = Debug|Any CPU
		Release|Any CPU = Release|Any CPU
	EndGlobalSection
	GlobalSection(ProjectConfigurationPlatforms) = postSolution
		{A8AA90E2-3F3A-40E5-8632-EF5EA24437DB}.Debug|Any CPU.ActiveCfg = Debug|Any CPU
		{A8AA90E2-3F3A-40E5-8632-EF5EA24437DB}.Debug|Any CPU.Build.0 = Debug|Any CPU
		{A8AA90E2-3F3A-40E5-8632-EF5EA24437DB}.Release|Any CPU.ActiveCfg = Release|Any CPU
		{A8AA90E2-3F3A-40E5-8632-EF5EA24437DB}.Release|Any CPU.Build.0 = Release|Any CPU
	EndGlobalSection
	GlobalSection(SolutionProperties) = preSolution
		HideSolutionNode = FALSE
	EndGlobalSection
	GlobalSection(ExtensibilityGlobals) = postSolution
		SolutionGuid = {DADA0E86-BA2B-4715-BAF7-2977266919D4}
	EndGlobalSection
EndGlobal
