
Microsoft Visual Studio Solution File, Format Version 12.00
# Visual Studio Version 16
VisualStudioVersion = 16.0.31019.35
MinimumVisualStudioVersion = 10.0.40219.1
Project("{FAE04EC0-301F-11D3-BF4B-00C04F79EFBC}") = "LR78_OOP", "LR78_OOP\LR78_OOP.csproj", "{7E16B63A-D3DF-43A4-AB3E-E22D13B3E277}"
EndProject
Global
	GlobalSection(SolutionConfigurationPlatforms) = preSolution
		Debug|Any CPU = Debug|Any CPU
		Release|Any CPU = Release|Any CPU
	EndGlobalSection
	GlobalSection(ProjectConfigurationPlatforms) = postSolution
		{7E16B63A-D3DF-43A4-AB3E-E22D13B3E277}.Debug|Any CPU.ActiveCfg = Debug|Any CPU
		{7E16B63A-D3DF-43A4-AB3E-E22D13B3E277}.Debug|Any CPU.Build.0 = Debug|Any CPU
		{7E16B63A-D3DF-43A4-AB3E-E22D13B3E277}.Release|Any CPU.ActiveCfg = Release|Any CPU
		{7E16B63A-D3DF-43A4-AB3E-E22D13B3E277}.Release|Any CPU.Build.0 = Release|Any CPU
	EndGlobalSection
	GlobalSection(SolutionProperties) = preSolution
		HideSolutionNode = FALSE
	EndGlobalSection
	GlobalSection(ExtensibilityGlobals) = postSolution
		SolutionGuid = {2614B60F-C59D-4E5D-9786-BB682E43032C}
	EndGlobalSection
EndGlobal
