
Microsoft Visual Studio Solution File, Format Version 12.00
# Visual Studio Version 16
VisualStudioVersion = 16.0.31019.35
MinimumVisualStudioVersion = 10.0.40219.1
Project("{FAE04EC0-301F-11D3-BF4B-00C04F79EFBC}") = "T_LR4.1_OOP", "T_LR4.1_OOP\T_LR4.1_OOP.csproj", "{848616B3-4E70-472E-8FF8-3D756E49C8DA}"
EndProject
Global
	GlobalSection(SolutionConfigurationPlatforms) = preSolution
		Debug|Any CPU = Debug|Any CPU
		Release|Any CPU = Release|Any CPU
	EndGlobalSection
	GlobalSection(ProjectConfigurationPlatforms) = postSolution
		{848616B3-4E70-472E-8FF8-3D756E49C8DA}.Debug|Any CPU.ActiveCfg = Debug|Any CPU
		{848616B3-4E70-472E-8FF8-3D756E49C8DA}.Debug|Any CPU.Build.0 = Debug|Any CPU
		{848616B3-4E70-472E-8FF8-3D756E49C8DA}.Release|Any CPU.ActiveCfg = Release|Any CPU
		{848616B3-4E70-472E-8FF8-3D756E49C8DA}.Release|Any CPU.Build.0 = Release|Any CPU
	EndGlobalSection
	GlobalSection(SolutionProperties) = preSolution
		HideSolutionNode = FALSE
	EndGlobalSection
	GlobalSection(ExtensibilityGlobals) = postSolution
		SolutionGuid = {76DC6502-C8CE-483D-9B98-897C1C8DF9DC}
	EndGlobalSection
EndGlobal
